// !$*UTF8*$!
{
	archiveVersion = 1;
	classes = {
	};
	objectVersion = 50;
	objects = {

/* Begin PBXBuildFile section */
		B16B5A252647019500F7D18C /* AppDelegate.swift in Sources */ = {isa = PBXBuildFile; fileRef = B16B5A242647019500F7D18C /* AppDelegate.swift */; };
		B16B5A272647019500F7D18C /* SceneDelegate.swift in Sources */ = {isa = PBXBuildFile; fileRef = B16B5A262647019500F7D18C /* SceneDelegate.swift */; };
		B16B5A292647019500F7D18C /* ContentView.swift in Sources */ = {isa = PBXBuildFile; fileRef = B16B5A282647019500F7D18C /* ContentView.swift */; };
		B16B5A2B2647019500F7D18C /* Assets.xcassets in Resources */ = {isa = PBXBuildFile; fileRef = B16B5A2A2647019500F7D18C /* Assets.xcassets */; };
		B16B5A2E2647019500F7D18C /* Preview Assets.xcassets in Resources */ = {isa = PBXBuildFile; fileRef = B16B5A2D2647019500F7D18C /* Preview Assets.xcassets */; };
		B16B5A312647019600F7D18C /* LaunchScreen.storyboard in Resources */ = {isa = PBXBuildFile; fileRef = B16B5A2F2647019500F7D18C /* LaunchScreen.storyboard */; };
		B16B5A3A264701DD00F7D18C /* Constants .swift in Sources */ = {isa = PBXBuildFile; fileRef = B16B5A39264701DD00F7D18C /* Constants .swift */; };
		B16B5A3D264703AD00F7D18C /* HomeViewModel.swift in Sources */ = {isa = PBXBuildFile; fileRef = B16B5A3C264703AD00F7D18C /* HomeViewModel.swift */; };
/* End PBXBuildFile section */

/* Begin PBXFileReference section */
		B16B5A212647019500F7D18C /* Marvel Heros.app */ = {isa = PBXFileReference; explicitFileType = wrapper.application; includeInIndex = 0; path = "Marvel Heros.app"; sourceTree = BUILT_PRODUCTS_DIR; };
		B16B5A242647019500F7D18C /* AppDelegate.swift */ = {isa = PBXFileReference; lastKnownFileType = sourcecode.swift; path = AppDelegate.swift; sourceTree = "<group>"; };
		B16B5A262647019500F7D18C /* SceneDelegate.swift */ = {isa = PBXFileReference; lastKnownFileType = sourcecode.swift; path = SceneDelegate.swift; sourceTree = "<group>"; };
		B16B5A282647019500F7D18C /* ContentView.swift */ = {isa = PBXFileReference; lastKnownFileType = sourcecode.swift; path = ContentView.swift; sourceTree = "<group>"; };
		B16B5A2A2647019500F7D18C /* Assets.xcassets */ = {isa = PBXFileReference; lastKnownFileType = folder.assetcatalog; path = Assets.xcassets; sourceTree = "<group>"; };
		B16B5A2D2647019500F7D18C /* Preview Assets.xcassets */ = {isa = PBXFileReference; lastKnownFileType = folder.assetcatalog; path = "Preview Assets.xcassets"; sourceTree = "<group>"; };
		B16B5A302647019500F7D18C /* Base */ = {isa = PBXFileReference; lastKnownFileType = file.storyboard; name = Base; path = Base.lproj/LaunchScreen.storyboard; sourceTree = "<group>"; };
		B16B5A322647019600F7D18C /* Info.plist */ = {isa = PBXFileReference; lastKnownFileType = text.plist.xml; path = Info.plist; sourceTree = "<group>"; };
		B16B5A39264701DD00F7D18C /* Constants .swift */ = {isa = PBXFileReference; lastKnownFileType = sourcecode.swift; path = "Constants .swift"; sourceTree = "<group>"; };
		B16B5A3C264703AD00F7D18C /* HomeViewModel.swift */ = {isa = PBXFileReference; lastKnownFileType = sourcecode.swift; path = HomeViewModel.swift; sourceTree = "<group>"; };
/* End PBXFileReference section */

/* Begin PBXFrameworksBuildPhase section */
		B16B5A1E2647019500F7D18C /* Frameworks */ = {
			isa = PBXFrameworksBuildPhase;
			buildActionMask = 2147483647;
			files = (
			);
			runOnlyForDeploymentPostprocessing = 0;
		};
/* End PBXFrameworksBuildPhase section */

/* Begin PBXGroup section */
		B16B5A182647019500F7D18C = {
			isa = PBXGroup;
			children = (
				B16B5A232647019500F7D18C /* Marvel Heros */,
				B16B5A222647019500F7D18C /* Products */,
			);
			sourceTree = "<group>";
		};
		B16B5A222647019500F7D18C /* Products */ = {
			isa = PBXGroup;
			children = (
				B16B5A212647019500F7D18C /* Marvel Heros.app */,
			);
			name = Products;
			sourceTree = "<group>";
		};
		B16B5A232647019500F7D18C /* Marvel Heros */ = {
			isa = PBXGroup;
			children = (
				B16B5A3B2647038500F7D18C /* ViewModels */,
				B16B5A38264701A900F7D18C /* Constants */,
				B16B5A242647019500F7D18C /* AppDelegate.swift */,
				B16B5A262647019500F7D18C /* SceneDelegate.swift */,
				B16B5A282647019500F7D18C /* ContentView.swift */,
				B16B5A2A2647019500F7D18C /* Assets.xcassets */,
				B16B5A2F2647019500F7D18C /* LaunchScreen.storyboard */,
				B16B5A322647019600F7D18C /* Info.plist */,
				B16B5A2C2647019500F7D18C /* Preview Content */,
			);
			path = "Marvel Heros";
			sourceTree = "<group>";
		};
		B16B5A2C2647019500F7D18C /* Preview Content */ = {
			isa = PBXGroup;
			children = (
				B16B5A2D2647019500F7D18C /* Preview Assets.xcassets */,
			);
			path = "Preview Content";
			sourceTree = "<group>";
		};
		B16B5A38264701A900F7D18C /* Constants */ = {
			isa = PBXGroup;
			children = (
				B16B5A39264701DD00F7D18C /* Constants .swift */,
			);
			path = Constants;
			sourceTree = "<group>";
		};
		B16B5A3B2647038500F7D18C /* ViewModels */ = {
			isa = PBXGroup;
			children = (
				B16B5A3C264703AD00F7D18C /* HomeViewModel.swift */,
			);
			path = ViewModels;
			sourceTree = "<group>";
		};
/* End PBXGroup section */

/* Begin PBXNativeTarget section */
		B16B5A202647019500F7D18C /* Marvel Heros */ = {
			isa = PBXNativeTarget;
			buildConfigurationList = B16B5A352647019600F7D18C /* Build configuration list for PBXNativeTarget "Marvel Heros" */;
			buildPhases = (
				B16B5A1D2647019500F7D18C /* Sources */,
				B16B5A1E2647019500F7D18C /* Frameworks */,
				B16B5A1F2647019500F7D18C /* Resources */,
			);
			buildRules = (
			);
			dependencies = (
			);
			name = "Marvel Heros";
			productName = "Marvel Heros";
			productReference = B16B5A212647019500F7D18C /* Marvel Heros.app */;
			productType = "com.apple.product-type.application";
		};
/* End PBXNativeTarget section */

/* Begin PBXProject section */
		B16B5A192647019500F7D18C /* Project object */ = {
			isa = PBXProject;
			attributes = {
				LastSwiftUpdateCheck = 1250;
				LastUpgradeCheck = 1250;
				TargetAttributes = {
					B16B5A202647019500F7D18C = {
						CreatedOnToolsVersion = 12.5;
					};
				};
			};
			buildConfigurationList = B16B5A1C2647019500F7D18C /* Build configuration list for PBXProject "Marvel Heros" */;
			compatibilityVersion = "Xcode 9.3";
			developmentRegion = en;
			hasScannedForEncodings = 0;
			knownRegions = (
				en,
				Base,
			);
			mainGroup = B16B5A182647019500F7D18C;
			productRefGroup = B16B5A222647019500F7D18C /* Products */;
			projectDirPath = "";
			projectRoot = "";
			targets = (
				B16B5A202647019500F7D18C /* Marvel Heros */,
			);
		};
/* End PBXProject section */

/* Begin PBXResourcesBuildPhase section */
		B16B5A1F2647019500F7D18C /* Resources */ = {
			isa = PBXResourcesBuildPhase;
			buildActionMask = 2147483647;
			files = (
				B16B5A312647019600F7D18C /* LaunchScreen.storyboard in Resources */,
				B16B5A2E2647019500F7D18C /* Preview Assets.xcassets in Resources */,
				B16B5A2B2647019500F7D18C /* Assets.xcassets in Resources */,
			);
			runOnlyForDeploymentPostprocessing = 0;
		};
/* End PBXResourcesBuildPhase section */

/* Begin PBXSourcesBuildPhase section */
		B16B5A1D2647019500F7D18C /* Sources */ = {
			isa = PBXSourcesBuildPhase;
			buildActionMask = 2147483647;
			files = (
				B16B5A3A264701DD00F7D18C /* Constants .swift in Sources */,
				B16B5A252647019500F7D18C /* AppDelegate.swift in Sources */,
				B16B5A272647019500F7D18C /* SceneDelegate.swift in Sources */,
				B16B5A3D264703AD00F7D18C /* HomeViewModel.swift in Sources */,
				B16B5A292647019500F7D18C /* ContentView.swift in Sources */,
			);
			runOnlyForDeploymentPostprocessing = 0;
		};
/* End PBXSourcesBuildPhase section */

/* Begin PBXVariantGroup section */
		B16B5A2F2647019500F7D18C /* LaunchScreen.storyboard */ = {
			isa = PBXVariantGroup;
			children = (
				B16B5A302647019500F7D18C /* Base */,
			);
			name = LaunchScreen.storyboard;
			sourceTree = "<group>";
		};
/* End PBXVariantGroup section */

/* Begin XCBuildConfiguration section */
		B16B5A332647019600F7D18C /* Debug */ = {
			isa = XCBuildConfiguration;
			buildSettings = {
				ALWAYS_SEARCH_USER_PATHS = NO;
				CLANG_ANALYZER_NONNULL = YES;
				CLANG_ANALYZER_NUMBER_OBJECT_CONVERSION = YES_AGGRESSIVE;
				CLANG_CXX_LANGUAGE_STANDARD = "gnu++14";
				CLANG_CXX_LIBRARY = "libc++";
				CLANG_ENABLE_MODULES = YES;
				CLANG_ENABLE_OBJC_ARC = YES;
				CLANG_ENABLE_OBJC_WEAK = YES;
				CLANG_WARN_BLOCK_CAPTURE_AUTORELEASING = YES;
				CLANG_WARN_BOOL_CONVERSION = YES;
				CLANG_WARN_COMMA = YES;
				CLANG_WARN_CONSTANT_CONVERSION = YES;
				CLANG_WARN_DEPRECATED_OBJC_IMPLEMENTATIONS = YES;
				CLANG_WARN_DIRECT_OBJC_ISA_USAGE = YES_ERROR;
				CLANG_WARN_DOCUMENTATION_COMMENTS = YES;
				CLANG_WARN_EMPTY_BODY = YES;
				CLANG_WARN_ENUM_CONVERSION = YES;
				CLANG_WARN_INFINITE_RECURSION = YES;
				CLANG_WARN_INT_CONVERSION = YES;
				CLANG_WARN_NON_LITERAL_NULL_CONVERSION = YES;
				CLANG_WARN_OBJC_IMPLICIT_RETAIN_SELF = YES;
				CLANG_WARN_OBJC_LITERAL_CONVERSION = YES;
				CLANG_WARN_OBJC_ROOT_CLASS = YES_ERROR;
				CLANG_WARN_QUOTED_INCLUDE_IN_FRAMEWORK_HEADER = YES;
				CLANG_WARN_RANGE_LOOP_ANALYSIS = YES;
				CLANG_WARN_STRICT_PROTOTYPES = YES;
				CLANG_WARN_SUSPICIOUS_MOVE = YES;
				CLANG_WARN_UNGUARDED_AVAILABILITY = YES_AGGRESSIVE;
				CLANG_WARN_UNREACHABLE_CODE = YES;
				CLANG_WARN__DUPLICATE_METHOD_MATCH = YES;
				COPY_PHASE_STRIP = NO;
				DEBUG_INFORMATION_FORMAT = dwarf;
				ENABLE_STRICT_OBJC_MSGSEND = YES;
				ENABLE_TESTABILITY = YES;
				GCC_C_LANGUAGE_STANDARD = gnu11;
				GCC_DYNAMIC_NO_PIC = NO;
				GCC_NO_COMMON_BLOCKS = YES;
				GCC_OPTIMIZATION_LEVEL = 0;
				GCC_PREPROCESSOR_DEFINITIONS = (
					"DEBUG=1",
					"$(inherited)",
				);
				GCC_WARN_64_TO_32_BIT_CONVERSION = YES;
				GCC_WARN_ABOUT_RETURN_TYPE = YES_ERROR;
				GCC_WARN_UNDECLARED_SELECTOR = YES;
				GCC_WARN_UNINITIALIZED_AUTOS = YES_AGGRESSIVE;
				GCC_WARN_UNUSED_FUNCTION = YES;
				GCC_WARN_UNUSED_VARIABLE = YES;
				IPHONEOS_DEPLOYMENT_TARGET = 14.5;
				MTL_ENABLE_DEBUG_INFO = INCLUDE_SOURCE;
				MTL_FAST_MATH = YES;
				ONLY_ACTIVE_ARCH = YES;
				SDKROOT = iphoneos;
				SWIFT_ACTIVE_COMPILATION_CONDITIONS = DEBUG;
				SWIFT_OPTIMIZATION_LEVEL = "-Onone";
			};
			name = Debug;
		};
		B16B5A342647019600F7D18C /* Release */ = {
			isa = XCBuildConfiguration;
			buildSettings = {
				ALWAYS_SEARCH_USER_PATHS = NO;
				CLANG_ANALYZER_NONNULL = YES;
				CLANG_ANALYZER_NUMBER_OBJECT_CONVERSION = YES_AGGRESSIVE;
				CLANG_CXX_LANGUAGE_STANDARD = "gnu++14";
				CLANG_CXX_LIBRARY = "libc++";
				CLANG_ENABLE_MODULES = YES;
				CLANG_ENABLE_OBJC_ARC = YES;
				CLANG_ENABLE_OBJC_WEAK = YES;
				CLANG_WARN_BLOCK_CAPTURE_AUTORELEASING = YES;
				CLANG_WARN_BOOL_CONVERSION = YES;
				CLANG_WARN_COMMA = YES;
				CLANG_WARN_CONSTANT_CONVERSION = YES;
				CLANG_WARN_DEPRECATED_OBJC_IMPLEMENTATIONS = YES;
				CLANG_WARN_DIRECT_OBJC_ISA_USAGE = YES_ERROR;
				CLANG_WARN_DOCUMENTATION_COMMENTS = YES;
				CLANG_WARN_EMPTY_BODY = YES;
				CLANG_WARN_ENUM_CONVERSION = YES;
				CLANG_WARN_INFINITE_RECURSION = YES;
				CLANG_WARN_INT_CONVERSION = YES;
				CLANG_WARN_NON_LITERAL_NULL_CONVERSION = YES;
				CLANG_WARN_OBJC_IMPLICIT_RETAIN_SELF = YES;
				CLANG_WARN_OBJC_LITERAL_CONVERSION = YES;
				CLANG_WARN_OBJC_ROOT_CLASS = YES_ERROR;
				CLANG_WARN_QUOTED_INCLUDE_IN_FRAMEWORK_HEADER = YES;
				CLANG_WARN_RANGE_LOOP_ANALYSIS = YES;
				CLANG_WARN_STRICT_PROTOTYPES = YES;
				CLANG_WARN_SUSPICIOUS_MOVE = YES;
				CLANG_WARN_UNGUARDED_AVAILABILITY = YES_AGGRESSIVE;
				CLANG_WARN_UNREACHABLE_CODE = YES;
				CLANG_WARN__DUPLICATE_METHOD_MATCH = YES;
				COPY_PHASE_STRIP = NO;
				DEBUG_INFORMATION_FORMAT = "dwarf-with-dsym";
				ENABLE_NS_ASSERTIONS = NO;
				ENABLE_STRICT_OBJC_MSGSEND = YES;
				GCC_C_LANGUAGE_STANDARD = gnu11;
				GCC_NO_COMMON_BLOCKS = YES;
				GCC_WARN_64_TO_32_BIT_CONVERSION = YES;
				GCC_WARN_ABOUT_RETURN_TYPE = YES_ERROR;
				GCC_WARN_UNDECLARED_SELECTOR = YES;
				GCC_WARN_UNINITIALIZED_AUTOS = YES_AGGRESSIVE;
				GCC_WARN_UNUSED_FUNCTION = YES;
				GCC_WARN_UNUSED_VARIABLE = YES;
				IPHONEOS_DEPLOYMENT_TARGET = 14.5;
				MTL_ENABLE_DEBUG_INFO = NO;
				MTL_FAST_MATH = YES;
				SDKROOT = iphoneos;
				SWIFT_COMPILATION_MODE = wholemodule;
				SWIFT_OPTIMIZATION_LEVEL = "-O";
				VALIDATE_PRODUCT = YES;
			};
			name = Release;
		};
		B16B5A362647019600F7D18C /* Debug */ = {
			isa = XCBuildConfiguration;
			buildSettings = {
				ASSETCATALOG_COMPILER_APPICON_NAME = AppIcon;
				ASSETCATALOG_COMPILER_GLOBAL_ACCENT_COLOR_NAME = AccentColor;
				CODE_SIGN_STYLE = Automatic;
				DEVELOPMENT_ASSET_PATHS = "\"Marvel Heros/Preview Content\"";
				DEVELOPMENT_TEAM = 262JM42PZY;
				ENABLE_PREVIEWS = YES;
				INFOPLIST_FILE = "Marvel Heros/Info.plist";
				LD_RUNPATH_SEARCH_PATHS = (
					"$(inherited)",
					"@executable_path/Frameworks",
				);
				PRODUCT_BUNDLE_IDENTIFIER = "com.smn.marvelheros.Marvel-Heros";
				PRODUCT_NAME = "$(TARGET_NAME)";
				SWIFT_VERSION = 5.0;
				TARGETED_DEVICE_FAMILY = "1,2";
			};
			name = Debug;
		};
		B16B5A372647019600F7D18C /* Release */ = {
			isa = XCBuildConfiguration;
			buildSettings = {
				ASSETCATALOG_COMPILER_APPICON_NAME = AppIcon;
				ASSETCATALOG_COMPILER_GLOBAL_ACCENT_COLOR_NAME = AccentColor;
				CODE_SIGN_STYLE = Automatic;
				DEVELOPMENT_ASSET_PATHS = "\"Marvel Heros/Preview Content\"";
				DEVELOPMENT_TEAM = 262JM42PZY;
				ENABLE_PREVIEWS = YES;
				INFOPLIST_FILE = "Marvel Heros/Info.plist";
				LD_RUNPATH_SEARCH_PATHS = (
					"$(inherited)",
					"@executable_path/Frameworks",
				);
				PRODUCT_BUNDLE_IDENTIFIER = "com.smn.marvelheros.Marvel-Heros";
				PRODUCT_NAME = "$(TARGET_NAME)";
				SWIFT_VERSION = 5.0;
				TARGETED_DEVICE_FAMILY = "1,2";
			};
			name = Release;
		};
/* End XCBuildConfiguration section */

/* Begin XCConfigurationList section */
		B16B5A1C2647019500F7D18C /* Build configuration list for PBXProject "Marvel Heros" */ = {
			isa = XCConfigurationList;
			buildConfigurations = (
				B16B5A332647019600F7D18C /* Debug */,
				B16B5A342647019600F7D18C /* Release */,
			);
			defaultConfigurationIsVisible = 0;
			defaultConfigurationName = Release;
		};
		B16B5A352647019600F7D18C /* Build configuration list for PBXNativeTarget "Marvel Heros" */ = {
			isa = XCConfigurationList;
			buildConfigurations = (
				B16B5A362647019600F7D18C /* Debug */,
				B16B5A372647019600F7D18C /* Release */,
			);
			defaultConfigurationIsVisible = 0;
			defaultConfigurationName = Release;
		};
/* End XCConfigurationList section */
	};
	rootObject = B16B5A192647019500F7D18C /* Project object */;
}
